{
  "nodes": {
    "nixpkgs": {
      "locked": {
        "lastModified": 1717158330,
        "narHash": "sha256-eetRoTcehuu/9DzNEx+Jgdu4Un5x12ehQbK6YK2hgdA=",
        "owner": "NixOS",
        "repo": "nixpkgs",
        "rev": "7ec74c627b767a23ea23cb0de93c2d1f6a5f09cc",
        "type": "github"
      },
      "original": {
        "id": "nixpkgs",
        "rev": "7ec74c627b767a23ea23cb0de93c2d1f6a5f09cc",
        "type": "indirect"
      }
    },
    "root": {
      "inputs": {
        "textapp-pkgs": "textapp-pkgs"
      }
    },
    "textapp-pkgs": {
      "inputs": {
        "nixpkgs": "nixpkgs"
      },
      "locked": {
        "lastModified": 1719150894,
        "narHash": "sha256-XMfwK7YTu5IhyZn8bswtezPZp8qBXODtyDorcxQn9WA=",
        "ref": "refs/heads/master",
        "rev": "6aa517c2b4ddb3f57ed9bcf642c15f0507237e73",
        "revCount": 199,
        "type": "git",
        "url": "ssh://git@tsa04.isa.ru/textapp/textapp-pkgs"
      },
      "original": {
        "type": "git",
        "url": "ssh://git@tsa04.isa.ru/textapp/textapp-pkgs"
      }
    }
  },
  "root": "root",
  "version": 7
}
