{
  "nodes": {
    "faiss": {
      "inputs": {
        "nixpkgs": "nixpkgs"
      },
      "locked": {
        "lastModified": 1722112970,
        "narHash": "sha256-N/78LoVZyO3nFOgUWFk+MpD7lxW2ZMBZez2fNYkJWt0=",
        "owner": "dvzubarev",
        "repo": "faiss",
        "rev": "c9754a927d3a8820ecccdc7709a20bf049e0e4cf",
        "type": "github"
      },
      "original": {
        "owner": "dvzubarev",
        "repo": "faiss",
        "type": "github"
      }
    },
    "nixpkgs": {
      "locked": {
        "lastModified": 1722040881,
        "narHash": "sha256-NMDotPxtCNvmRnUo/YuxNOpN8+UMONBlNBnRFsGHADQ=",
        "owner": "NixOS",
        "repo": "nixpkgs",
        "rev": "48bacf585a51d953def8bff32087970f273052e2",
        "type": "github"
      },
      "original": {
        "id": "nixpkgs",
        "type": "indirect"
      }
    },
    "nixpkgs_2": {
      "locked": {
        "lastModified": 1722040881,
        "narHash": "sha256-NMDotPxtCNvmRnUo/YuxNOpN8+UMONBlNBnRFsGHADQ=",
        "owner": "NixOS",
        "repo": "nixpkgs",
        "rev": "48bacf585a51d953def8bff32087970f273052e2",
        "type": "github"
      },
      "original": {
        "id": "nixpkgs",
        "rev": "48bacf585a51d953def8bff32087970f273052e2",
        "type": "indirect"
      }
    },
    "root": {
      "inputs": {
        "faiss": "faiss",
        "nixpkgs": "nixpkgs_2"
      }
    }
  },
  "root": "root",
  "version": 7
}
